{
  "name": "nodenativemessaginghost",
  "version": "1.0.0",
  "lockfileVersion": 2,
  "requires": true,
  "packages": {
    "": {
      "name": "nodenativemessaginghost",
      "version": "1.0.0",
      "license": "ISC",
      "dependencies": {
        "messenger": "^0.0.9"
      }
    },
    "node_modules/messenger": {
      "version": "0.0.9",
      "resolved": "https://registry.npmjs.org/messenger/-/messenger-0.0.9.tgz",
      "integrity": "sha512-GzsJ57lpAfWhMpXLt7cc79Nl08JsB65G5l0KRTgwGT0JhAArIzb/m9JUfLiBd6v1L9XXa4mw9lM8bBqE8Fft9Q=="
    }
  },
  "dependencies": {
    "messenger": {
      "version": "0.0.9",
      "resolved": "https://registry.npmjs.org/messenger/-/messenger-0.0.9.tgz",
      "integrity": "sha512-GzsJ57lpAfWhMpXLt7cc79Nl08JsB65G5l0KRTgwGT0JhAArIzb/m9JUfLiBd6v1L9XXa4mw9lM8bBqE8Fft9Q=="
    }
  }
}
